{
  "name": "practiceproject",
  "version": "1.0.0",
  "lockfileVersion": 1,
  "requires": true,
  "dependencies": {
    "@types/three": {
      "version": "0.130.1",
      "resolved": "https://registry.npmjs.org/@types/three/-/three-0.130.1.tgz",
      "integrity": "sha512-FlCR3CxQHxCmjI0ZCG59O/E15bV+bx7XRO+nJ7RY8KBg2pEF/52frmV/uh9SrLd+ORx+7Zc7NxnJm5Kj4xS9Sg=="
    },
    "three": {
      "version": "0.130.1",
      "resolved": "https://registry.npmjs.org/three/-/three-0.130.1.tgz",
      "integrity": "sha512-OSPPKcGvFSiGkG3jFrwwC76PBV/ZSrGxpBbg28bW8s9GU8r/y2spNGtEXHEb/CVqo0Ctf5Lx2rVaxQZB6OasaA=="
    }
  }
}
